
Microsoft Visual Studio Solution File, Format Version 12.00
# Visual Studio Version 17
VisualStudioVersion = 17.7.34018.315
MinimumVisualStudioVersion = 10.0.40219.1
Project("{FAE04EC0-301F-11D3-BF4B-00C04F79EFBC}") = "ArchivosSecuenciales,Indexos,Directos WF", "ArchivosSecuenciales,Indexos,Directos WF.csproj", "{917A1006-4622-4B86-85F2-76F362133AEC}"
EndProject
Global
	GlobalSection(SolutionConfigurationPlatforms) = preSolution
		Debug|Any CPU = Debug|Any CPU
		Release|Any CPU = Release|Any CPU
	EndGlobalSection
	GlobalSection(ProjectConfigurationPlatforms) = postSolution
		{917A1006-4622-4B86-85F2-76F362133AEC}.Debug|Any CPU.ActiveCfg = Debug|Any CPU
		{917A1006-4622-4B86-85F2-76F362133AEC}.Debug|Any CPU.Build.0 = Debug|Any CPU
		{917A1006-4622-4B86-85F2-76F362133AEC}.Release|Any CPU.ActiveCfg = Release|Any CPU
		{917A1006-4622-4B86-85F2-76F362133AEC}.Release|Any CPU.Build.0 = Release|Any CPU
	EndGlobalSection
	GlobalSection(SolutionProperties) = preSolution
		HideSolutionNode = FALSE
	EndGlobalSection
	GlobalSection(ExtensibilityGlobals) = postSolution
		SolutionGuid = {D47DD89E-5C76-4318-AD7A-F52698E9A22D}
	EndGlobalSection
EndGlobal
